# generated by rye
# use `rye lock` or `rye sync` to update this lockfile
#
# last locked with the following flags:
#   pre: false
#   features: []
#   all-features: false
#   with-sources: false
#   generate-hashes: false
#   universal: false

-e file:.
biopython==1.84
    # via pycirclize
contourpy==1.3.0
    # via matplotlib
cycler==0.12.1
    # via matplotlib
fonttools==4.53.1
    # via matplotlib
importlib-resources==6.4.5
    # via matplotlib
kiwisolver==1.4.7
    # via matplotlib
matplotlib==3.9.2
    # via pycirclize
numpy==2.0.2
    # via biopython
    # via contourpy
    # via matplotlib
    # via pandas
    # via pycirclize
packaging==24.1
    # via matplotlib
pandas==2.2.2
    # via pycirclize
pillow==10.4.0
    # via matplotlib
pyparsing==3.1.4
    # via matplotlib
python-dateutil==2.9.0.post0
    # via matplotlib
    # via pandas
pytz==2024.1
    # via pandas
six==1.16.0
    # via python-dateutil
tzdata==2024.1
    # via pandas
zipp==3.20.1
    # via importlib-resources
